// !$*UTF8*$!
{
	archiveVersion = 1;
	classes = {
	};
	objectVersion = 46;
	objects = {

/* Begin PBXBuildFile section */
		0F0FD6AD1FA02C3000E80E0C /* Main.storyboard in Resources */ = {isa = PBXBuildFile; fileRef = 0F0FD6AC1FA02C3000E80E0C /* Main.storyboard */; };
		0F5CC2891CD69F230059ADB7 /* mistake.wav in Resources */ = {isa = PBXBuildFile; fileRef = 0F5CC2881CD69F230059ADB7 /* mistake.wav */; };
		0F5CC28B1CD7D92D0059ADB7 /* winning.mp3 in Resources */ = {isa = PBXBuildFile; fileRef = 0F5CC28A1CD7D92D0059ADB7 /* winning.mp3 */; };
		0F616CA21CD93584002F5EFD /* MySimonInstructions.html in Resources */ = {isa = PBXBuildFile; fileRef = 0F616CA11CD93584002F5EFD /* MySimonInstructions.html */; };
		0FB87EE81FB3EE78000B7DB7 /* sounds in Resources */ = {isa = PBXBuildFile; fileRef = 0FB87EE71FB3EE78000B7DB7 /* sounds */; };
		0FBC1CA91CAC078F00C1EA1B /* AppDelegate.swift in Sources */ = {isa = PBXBuildFile; fileRef = 0FBC1CA81CAC078F00C1EA1B /* AppDelegate.swift */; };
		0FBC1CB01CAC078F00C1EA1B /* Assets.xcassets in Resources */ = {isa = PBXBuildFile; fileRef = 0FBC1CAF1CAC078F00C1EA1B /* Assets.xcassets */; };
		0FBC1CB31CAC078F00C1EA1B /* LaunchScreen.storyboard in Resources */ = {isa = PBXBuildFile; fileRef = 0FBC1CB11CAC078F00C1EA1B /* LaunchScreen.storyboard */; };
		0FBC1CBE1CAC079000C1EA1B /* MySimonTests.swift in Sources */ = {isa = PBXBuildFile; fileRef = 0FBC1CBD1CAC079000C1EA1B /* MySimonTests.swift */; };
		0FBC1CC91CAC079000C1EA1B /* MySimonUITests.swift in Sources */ = {isa = PBXBuildFile; fileRef = 0FBC1CC81CAC079000C1EA1B /* MySimonUITests.swift */; };
		0FBC1CD71CAC198300C1EA1B /* SwitchingViewController.swift in Sources */ = {isa = PBXBuildFile; fileRef = 0FBC1CD61CAC198300C1EA1B /* SwitchingViewController.swift */; };
		0FBC1CD91CAC1A2600C1EA1B /* GamePlayViewController.swift in Sources */ = {isa = PBXBuildFile; fileRef = 0FBC1CD81CAC1A2600C1EA1B /* GamePlayViewController.swift */; };
		0FBC1CDB1CAC1A4300C1EA1B /* InstructionsViewController.swift in Sources */ = {isa = PBXBuildFile; fileRef = 0FBC1CDA1CAC1A4300C1EA1B /* InstructionsViewController.swift */; };
		0FBC1CDD1CAC1A6D00C1EA1B /* SettingsViewController.swift in Sources */ = {isa = PBXBuildFile; fileRef = 0FBC1CDC1CAC1A6D00C1EA1B /* SettingsViewController.swift */; };
		0FBC1CF21CB2D3DD00C1EA1B /* SimonGame.swift in Sources */ = {isa = PBXBuildFile; fileRef = 0FBC1CF11CB2D3DD00C1EA1B /* SimonGame.swift */; };
		0FF4CFA01CDA7C4E003CF1C9 /* iOSProj.pdf in Resources */ = {isa = PBXBuildFile; fileRef = 0FF4CF9F1CDA7C4D003CF1C9 /* iOSProj.pdf */; };
		3C2AA66E71956FD116C71E7E /* Pods_MySimon.framework in Frameworks */ = {isa = PBXBuildFile; fileRef = F4CAAC6FC0E8AB0BD8131352 /* Pods_MySimon.framework */; };
/* End PBXBuildFile section */

/* Begin PBXContainerItemProxy section */
		0FBC1CBA1CAC079000C1EA1B /* PBXContainerItemProxy */ = {
			isa = PBXContainerItemProxy;
			containerPortal = 0FBC1C9D1CAC078F00C1EA1B /* Project object */;
			proxyType = 1;
			remoteGlobalIDString = 0FBC1CA41CAC078F00C1EA1B;
			remoteInfo = MySimon;
		};
		0FBC1CC51CAC079000C1EA1B /* PBXContainerItemProxy */ = {
			isa = PBXContainerItemProxy;
			containerPortal = 0FBC1C9D1CAC078F00C1EA1B /* Project object */;
			proxyType = 1;
			remoteGlobalIDString = 0FBC1CA41CAC078F00C1EA1B;
			remoteInfo = MySimon;
		};
/* End PBXContainerItemProxy section */

/* Begin PBXFileReference section */
		0C08C3CAB031311031582EAF /* Pods_MySimonTests.framework */ = {isa = PBXFileReference; explicitFileType = wrapper.framework; includeInIndex = 0; path = Pods_MySimonTests.framework; sourceTree = BUILT_PRODUCTS_DIR; };
		0F0FD6AC1FA02C3000E80E0C /* Main.storyboard */ = {isa = PBXFileReference; fileEncoding = 4; lastKnownFileType = file.storyboard; path = Main.storyboard; sourceTree = "<group>"; };
		0F5CC2881CD69F230059ADB7 /* mistake.wav */ = {isa = PBXFileReference; lastKnownFileType = audio.wav; path = mistake.wav; sourceTree = "<group>"; };
		0F5CC28A1CD7D92D0059ADB7 /* winning.mp3 */ = {isa = PBXFileReference; lastKnownFileType = audio.mp3; path = winning.mp3; sourceTree = "<group>"; };
		0F616CA11CD93584002F5EFD /* MySimonInstructions.html */ = {isa = PBXFileReference; fileEncoding = 4; lastKnownFileType = text.html; path = MySimonInstructions.html; sourceTree = "<group>"; };
		0FB87EE71FB3EE78000B7DB7 /* sounds */ = {isa = PBXFileReference; lastKnownFileType = folder; path = sounds; sourceTree = "<group>"; };
		0FBC1CA51CAC078F00C1EA1B /* MySimon.app */ = {isa = PBXFileReference; explicitFileType = wrapper.application; includeInIndex = 0; path = MySimon.app; sourceTree = BUILT_PRODUCTS_DIR; };
		0FBC1CA81CAC078F00C1EA1B /* AppDelegate.swift */ = {isa = PBXFileReference; lastKnownFileType = sourcecode.swift; path = AppDelegate.swift; sourceTree = "<group>"; };
		0FBC1CAF1CAC078F00C1EA1B /* Assets.xcassets */ = {isa = PBXFileReference; lastKnownFileType = folder.assetcatalog; path = Assets.xcassets; sourceTree = "<group>"; };
		0FBC1CB21CAC078F00C1EA1B /* Base */ = {isa = PBXFileReference; lastKnownFileType = file.storyboard; name = Base; path = Base.lproj/LaunchScreen.storyboard; sourceTree = "<group>"; };
		0FBC1CB41CAC078F00C1EA1B /* Info.plist */ = {isa = PBXFileReference; lastKnownFileType = text.plist.xml; path = Info.plist; sourceTree = "<group>"; };
		0FBC1CB91CAC079000C1EA1B /* MySimonTests.xctest */ = {isa = PBXFileReference; explicitFileType = wrapper.cfbundle; includeInIndex = 0; path = MySimonTests.xctest; sourceTree = BUILT_PRODUCTS_DIR; };
		0FBC1CBD1CAC079000C1EA1B /* MySimonTests.swift */ = {isa = PBXFileReference; lastKnownFileType = sourcecode.swift; path = MySimonTests.swift; sourceTree = "<group>"; };
		0FBC1CBF1CAC079000C1EA1B /* Info.plist */ = {isa = PBXFileReference; lastKnownFileType = text.plist.xml; path = Info.plist; sourceTree = "<group>"; };
		0FBC1CC41CAC079000C1EA1B /* MySimonUITests.xctest */ = {isa = PBXFileReference; explicitFileType = wrapper.cfbundle; includeInIndex = 0; path = MySimonUITests.xctest; sourceTree = BUILT_PRODUCTS_DIR; };
		0FBC1CC81CAC079000C1EA1B /* MySimonUITests.swift */ = {isa = PBXFileReference; lastKnownFileType = sourcecode.swift; path = MySimonUITests.swift; sourceTree = "<group>"; };
		0FBC1CCA1CAC079000C1EA1B /* Info.plist */ = {isa = PBXFileReference; lastKnownFileType = text.plist.xml; path = Info.plist; sourceTree = "<group>"; };
		0FBC1CD61CAC198300C1EA1B /* SwitchingViewController.swift */ = {isa = PBXFileReference; fileEncoding = 4; lastKnownFileType = sourcecode.swift; path = SwitchingViewController.swift; sourceTree = "<group>"; };
		0FBC1CD81CAC1A2600C1EA1B /* GamePlayViewController.swift */ = {isa = PBXFileReference; fileEncoding = 4; lastKnownFileType = sourcecode.swift; path = GamePlayViewController.swift; sourceTree = "<group>"; };
		0FBC1CDA1CAC1A4300C1EA1B /* InstructionsViewController.swift */ = {isa = PBXFileReference; fileEncoding = 4; lastKnownFileType = sourcecode.swift; path = InstructionsViewController.swift; sourceTree = "<group>"; };
		0FBC1CDC1CAC1A6D00C1EA1B /* SettingsViewController.swift */ = {isa = PBXFileReference; fileEncoding = 4; lastKnownFileType = sourcecode.swift; path = SettingsViewController.swift; sourceTree = "<group>"; };
		0FBC1CF11CB2D3DD00C1EA1B /* SimonGame.swift */ = {isa = PBXFileReference; fileEncoding = 4; lastKnownFileType = sourcecode.swift; path = SimonGame.swift; sourceTree = "<group>"; };
		0FF4CF9F1CDA7C4D003CF1C9 /* iOSProj.pdf */ = {isa = PBXFileReference; lastKnownFileType = image.pdf; path = iOSProj.pdf; sourceTree = "<group>"; };
		8E22D55E51BCD8705B58C561 /* Pods-MySimon.release.xcconfig */ = {isa = PBXFileReference; includeInIndex = 1; lastKnownFileType = text.xcconfig; name = "Pods-MySimon.release.xcconfig"; path = "Pods/Target Support Files/Pods-MySimon/Pods-MySimon.release.xcconfig"; sourceTree = "<group>"; };
		DDF137686FCD193CC5A031A7 /* Pods_MySimonUITests.framework */ = {isa = PBXFileReference; explicitFileType = wrapper.framework; includeInIndex = 0; path = Pods_MySimonUITests.framework; sourceTree = BUILT_PRODUCTS_DIR; };
		F2DBA446FE46F289D03D8131 /* Pods-MySimon.debug.xcconfig */ = {isa = PBXFileReference; includeInIndex = 1; lastKnownFileType = text.xcconfig; name = "Pods-MySimon.debug.xcconfig"; path = "Pods/Target Support Files/Pods-MySimon/Pods-MySimon.debug.xcconfig"; sourceTree = "<group>"; };
		F4CAAC6FC0E8AB0BD8131352 /* Pods_MySimon.framework */ = {isa = PBXFileReference; explicitFileType = wrapper.framework; includeInIndex = 0; path = Pods_MySimon.framework; sourceTree = BUILT_PRODUCTS_DIR; };
/* End PBXFileReference section */

/* Begin PBXFrameworksBuildPhase section */
		0FBC1CA21CAC078F00C1EA1B /* Frameworks */ = {
			isa = PBXFrameworksBuildPhase;
			buildActionMask = 2147483647;
			files = (
				3C2AA66E71956FD116C71E7E /* Pods_MySimon.framework in Frameworks */,
			);
			runOnlyForDeploymentPostprocessing = 0;
		};
		0FBC1CB61CAC079000C1EA1B /* Frameworks */ = {
			isa = PBXFrameworksBuildPhase;
			buildActionMask = 2147483647;
			files = (
			);
			runOnlyForDeploymentPostprocessing = 0;
		};
		0FBC1CC11CAC079000C1EA1B /* Frameworks */ = {
			isa = PBXFrameworksBuildPhase;
			buildActionMask = 2147483647;
			files = (
			);
			runOnlyForDeploymentPostprocessing = 0;
		};
/* End PBXFrameworksBuildPhase section */

/* Begin PBXGroup section */
		0FBC1C9C1CAC078F00C1EA1B = {
			isa = PBXGroup;
			children = (
				0FBC1CA71CAC078F00C1EA1B /* MySimon */,
				0FBC1CBC1CAC079000C1EA1B /* MySimonTests */,
				0FBC1CC71CAC079000C1EA1B /* MySimonUITests */,
				0FBC1CA61CAC078F00C1EA1B /* Products */,
				2B993526BD0BC3235169DCE2 /* Pods */,
				409DFBF870DC7D67F9552E90 /* Frameworks */,
			);
			sourceTree = "<group>";
		};
		0FBC1CA61CAC078F00C1EA1B /* Products */ = {
			isa = PBXGroup;
			children = (
				0FBC1CA51CAC078F00C1EA1B /* MySimon.app */,
				0FBC1CB91CAC079000C1EA1B /* MySimonTests.xctest */,
				0FBC1CC41CAC079000C1EA1B /* MySimonUITests.xctest */,
			);
			name = Products;
			sourceTree = "<group>";
		};
		0FBC1CA71CAC078F00C1EA1B /* MySimon */ = {
			isa = PBXGroup;
			children = (
				0FB87EE71FB3EE78000B7DB7 /* sounds */,
				0FF4CF9F1CDA7C4D003CF1C9 /* iOSProj.pdf */,
				0FBC1CA81CAC078F00C1EA1B /* AppDelegate.swift */,
				0F0FD6AC1FA02C3000E80E0C /* Main.storyboard */,
				0FBC1CAF1CAC078F00C1EA1B /* Assets.xcassets */,
				0FBC1CB11CAC078F00C1EA1B /* LaunchScreen.storyboard */,
				0F5CC28A1CD7D92D0059ADB7 /* winning.mp3 */,
				0F5CC2881CD69F230059ADB7 /* mistake.wav */,
				0FBC1CB41CAC078F00C1EA1B /* Info.plist */,
				0F616CA11CD93584002F5EFD /* MySimonInstructions.html */,
				0FBC1CD61CAC198300C1EA1B /* SwitchingViewController.swift */,
				0FBC1CD81CAC1A2600C1EA1B /* GamePlayViewController.swift */,
				0FBC1CDA1CAC1A4300C1EA1B /* InstructionsViewController.swift */,
				0FBC1CDC1CAC1A6D00C1EA1B /* SettingsViewController.swift */,
				0FBC1CF11CB2D3DD00C1EA1B /* SimonGame.swift */,
			);
			path = MySimon;
			sourceTree = "<group>";
		};
		0FBC1CBC1CAC079000C1EA1B /* MySimonTests */ = {
			isa = PBXGroup;
			children = (
				0FBC1CBD1CAC079000C1EA1B /* MySimonTests.swift */,
				0FBC1CBF1CAC079000C1EA1B /* Info.plist */,
			);
			path = MySimonTests;
			sourceTree = "<group>";
		};
		0FBC1CC71CAC079000C1EA1B /* MySimonUITests */ = {
			isa = PBXGroup;
			children = (
				0FBC1CC81CAC079000C1EA1B /* MySimonUITests.swift */,
				0FBC1CCA1CAC079000C1EA1B /* Info.plist */,
			);
			path = MySimonUITests;
			sourceTree = "<group>";
		};
		2B993526BD0BC3235169DCE2 /* Pods */ = {
			isa = PBXGroup;
			children = (
				F2DBA446FE46F289D03D8131 /* Pods-MySimon.debug.xcconfig */,
				8E22D55E51BCD8705B58C561 /* Pods-MySimon.release.xcconfig */,
			);
			name = Pods;
			sourceTree = "<group>";
		};
		409DFBF870DC7D67F9552E90 /* Frameworks */ = {
			isa = PBXGroup;
			children = (
				F4CAAC6FC0E8AB0BD8131352 /* Pods_MySimon.framework */,
				0C08C3CAB031311031582EAF /* Pods_MySimonTests.framework */,
				DDF137686FCD193CC5A031A7 /* Pods_MySimonUITests.framework */,
			);
			name = Frameworks;
			sourceTree = "<group>";
		};
/* End PBXGroup section */

/* Begin PBXNativeTarget section */
		0FBC1CA41CAC078F00C1EA1B /* MySimon */ = {
			isa = PBXNativeTarget;
			buildConfigurationList = 0FBC1CCD1CAC079000C1EA1B /* Build configuration list for PBXNativeTarget "MySimon" */;
			buildPhases = (
				C548189D1CD3A9A28712436A /* [CP] Check Pods Manifest.lock */,
				0FBC1CA11CAC078F00C1EA1B /* Sources */,
				0FBC1CA21CAC078F00C1EA1B /* Frameworks */,
				0FBC1CA31CAC078F00C1EA1B /* Resources */,
				96F8F25943F042A535E470D2 /* [CP] Embed Pods Frameworks */,
				51ACB763C865C3DAA1232721 /* [CP] Copy Pods Resources */,
			);
			buildRules = (
			);
			dependencies = (
			);
			name = MySimon;
			productName = MySimon;
			productReference = 0FBC1CA51CAC078F00C1EA1B /* MySimon.app */;
			productType = "com.apple.product-type.application";
		};
		0FBC1CB81CAC079000C1EA1B /* MySimonTests */ = {
			isa = PBXNativeTarget;
			buildConfigurationList = 0FBC1CD01CAC079000C1EA1B /* Build configuration list for PBXNativeTarget "MySimonTests" */;
			buildPhases = (
				0FBC1CB51CAC079000C1EA1B /* Sources */,
				0FBC1CB61CAC079000C1EA1B /* Frameworks */,
				0FBC1CB71CAC079000C1EA1B /* Resources */,
			);
			buildRules = (
			);
			dependencies = (
				0FBC1CBB1CAC079000C1EA1B /* PBXTargetDependency */,
			);
			name = MySimonTests;
			productName = MySimonTests;
			productReference = 0FBC1CB91CAC079000C1EA1B /* MySimonTests.xctest */;
			productType = "com.apple.product-type.bundle.unit-test";
		};
		0FBC1CC31CAC079000C1EA1B /* MySimonUITests */ = {
			isa = PBXNativeTarget;
			buildConfigurationList = 0FBC1CD31CAC079000C1EA1B /* Build configuration list for PBXNativeTarget "MySimonUITests" */;
			buildPhases = (
				0FBC1CC01CAC079000C1EA1B /* Sources */,
				0FBC1CC11CAC079000C1EA1B /* Frameworks */,
				0FBC1CC21CAC079000C1EA1B /* Resources */,
			);
			buildRules = (
			);
			dependencies = (
				0FBC1CC61CAC079000C1EA1B /* PBXTargetDependency */,
			);
			name = MySimonUITests;
			productName = MySimonUITests;
			productReference = 0FBC1CC41CAC079000C1EA1B /* MySimonUITests.xctest */;
			productType = "com.apple.product-type.bundle.ui-testing";
		};
/* End PBXNativeTarget section */

/* Begin PBXProject section */
		0FBC1C9D1CAC078F00C1EA1B /* Project object */ = {
			isa = PBXProject;
			attributes = {
				LastSwiftUpdateCheck = 0720;
				LastUpgradeCheck = 0900;
				ORGANIZATIONNAME = "Weber Solutions";
				TargetAttributes = {
					0FBC1CA41CAC078F00C1EA1B = {
						CreatedOnToolsVersion = 7.2;
						DevelopmentTeam = 2RY89Q7RCD;
						LastSwiftMigration = 0900;
						ProvisioningStyle = Automatic;
						SystemCapabilities = {
							com.apple.InAppPurchase = {
								enabled = 0;
							};
						};
					};
					0FBC1CB81CAC079000C1EA1B = {
						CreatedOnToolsVersion = 7.2;
						DevelopmentTeam = 2RY89Q7RCD;
						LastSwiftMigration = 0900;
						TestTargetID = 0FBC1CA41CAC078F00C1EA1B;
					};
					0FBC1CC31CAC079000C1EA1B = {
						CreatedOnToolsVersion = 7.2;
						DevelopmentTeam = 2RY89Q7RCD;
						LastSwiftMigration = 0900;
						TestTargetID = 0FBC1CA41CAC078F00C1EA1B;
					};
				};
			};
			buildConfigurationList = 0FBC1CA01CAC078F00C1EA1B /* Build configuration list for PBXProject "MySimon" */;
			compatibilityVersion = "Xcode 3.2";
			developmentRegion = English;
			hasScannedForEncodings = 0;
			knownRegions = (
				en,
				Base,
			);
			mainGroup = 0FBC1C9C1CAC078F00C1EA1B;
			productRefGroup = 0FBC1CA61CAC078F00C1EA1B /* Products */;
			projectDirPath = "";
			projectRoot = "";
			targets = (
				0FBC1CA41CAC078F00C1EA1B /* MySimon */,
				0FBC1CB81CAC079000C1EA1B /* MySimonTests */,
				0FBC1CC31CAC079000C1EA1B /* MySimonUITests */,
			);
		};
/* End PBXProject section */

/* Begin PBXResourcesBuildPhase section */
		0FBC1CA31CAC078F00C1EA1B /* Resources */ = {
			isa = PBXResourcesBuildPhase;
			buildActionMask = 2147483647;
			files = (
				0F5CC28B1CD7D92D0059ADB7 /* winning.mp3 in Resources */,
				0FBC1CB31CAC078F00C1EA1B /* LaunchScreen.storyboard in Resources */,
				0F616CA21CD93584002F5EFD /* MySimonInstructions.html in Resources */,
				0F5CC2891CD69F230059ADB7 /* mistake.wav in Resources */,
				0FB87EE81FB3EE78000B7DB7 /* sounds in Resources */,
				0FF4CFA01CDA7C4E003CF1C9 /* iOSProj.pdf in Resources */,
				0F0FD6AD1FA02C3000E80E0C /* Main.storyboard in Resources */,
				0FBC1CB01CAC078F00C1EA1B /* Assets.xcassets in Resources */,
			);
			runOnlyForDeploymentPostprocessing = 0;
		};
		0FBC1CB71CAC079000C1EA1B /* Resources */ = {
			isa = PBXResourcesBuildPhase;
			buildActionMask = 2147483647;
			files = (
			);
			runOnlyForDeploymentPostprocessing = 0;
		};
		0FBC1CC21CAC079000C1EA1B /* Resources */ = {
			isa = PBXResourcesBuildPhase;
			buildActionMask = 2147483647;
			files = (
			);
			runOnlyForDeploymentPostprocessing = 0;
		};
/* End PBXResourcesBuildPhase section */

/* Begin PBXShellScriptBuildPhase section */
		51ACB763C865C3DAA1232721 /* [CP] Copy Pods Resources */ = {
			isa = PBXShellScriptBuildPhase;
			buildActionMask = 2147483647;
			files = (
			);
			inputPaths = (
			);
			name = "[CP] Copy Pods Resources";
			outputPaths = (
			);
			runOnlyForDeploymentPostprocessing = 0;
			shellPath = /bin/sh;
			shellScript = "\"${SRCROOT}/Pods/Target Support Files/Pods-MySimon/Pods-MySimon-resources.sh\"\n";
			showEnvVarsInLog = 0;
		};
		96F8F25943F042A535E470D2 /* [CP] Embed Pods Frameworks */ = {
			isa = PBXShellScriptBuildPhase;
			buildActionMask = 2147483647;
			files = (
			);
			inputPaths = (
				"${SRCROOT}/Pods/Target Support Files/Pods-MySimon/Pods-MySimon-frameworks.sh",
				"${BUILT_PRODUCTS_DIR}/SRCountdownTimer/SRCountdownTimer.framework",
			);
			name = "[CP] Embed Pods Frameworks";
			outputPaths = (
				"${TARGET_BUILD_DIR}/${FRAMEWORKS_FOLDER_PATH}/SRCountdownTimer.framework",
			);
			runOnlyForDeploymentPostprocessing = 0;
			shellPath = /bin/sh;
			shellScript = "\"${SRCROOT}/Pods/Target Support Files/Pods-MySimon/Pods-MySimon-frameworks.sh\"\n";
			showEnvVarsInLog = 0;
		};
		C548189D1CD3A9A28712436A /* [CP] Check Pods Manifest.lock */ = {
			isa = PBXShellScriptBuildPhase;
			buildActionMask = 2147483647;
			files = (
			);
			inputPaths = (
				"${PODS_PODFILE_DIR_PATH}/Podfile.lock",
				"${PODS_ROOT}/Manifest.lock",
			);
			name = "[CP] Check Pods Manifest.lock";
			outputPaths = (
				"$(DERIVED_FILE_DIR)/Pods-MySimon-checkManifestLockResult.txt",
			);
			runOnlyForDeploymentPostprocessing = 0;
			shellPath = /bin/sh;
			shellScript = "diff \"${PODS_PODFILE_DIR_PATH}/Podfile.lock\" \"${PODS_ROOT}/Manifest.lock\" > /dev/null\nif [ $? != 0 ] ; then\n    # print error to STDERR\n    echo \"error: The sandbox is not in sync with the Podfile.lock. Run 'pod install' or update your CocoaPods installation.\" >&2\n    exit 1\nfi\n# This output is used by Xcode 'outputs' to avoid re-running this script phase.\necho \"SUCCESS\" > \"${SCRIPT_OUTPUT_FILE_0}\"\n";
			showEnvVarsInLog = 0;
		};
/* End PBXShellScriptBuildPhase section */

/* Begin PBXSourcesBuildPhase section */
		0FBC1CA11CAC078F00C1EA1B /* Sources */ = {
			isa = PBXSourcesBuildPhase;
			buildActionMask = 2147483647;
			files = (
				0FBC1CA91CAC078F00C1EA1B /* AppDelegate.swift in Sources */,
				0FBC1CD91CAC1A2600C1EA1B /* GamePlayViewController.swift in Sources */,
				0FBC1CF21CB2D3DD00C1EA1B /* SimonGame.swift in Sources */,
				0FBC1CDB1CAC1A4300C1EA1B /* InstructionsViewController.swift in Sources */,
				0FBC1CDD1CAC1A6D00C1EA1B /* SettingsViewController.swift in Sources */,
				0FBC1CD71CAC198300C1EA1B /* SwitchingViewController.swift in Sources */,
			);
			runOnlyForDeploymentPostprocessing = 0;
		};
		0FBC1CB51CAC079000C1EA1B /* Sources */ = {
			isa = PBXSourcesBuildPhase;
			buildActionMask = 2147483647;
			files = (
				0FBC1CBE1CAC079000C1EA1B /* MySimonTests.swift in Sources */,
			);
			runOnlyForDeploymentPostprocessing = 0;
		};
		0FBC1CC01CAC079000C1EA1B /* Sources */ = {
			isa = PBXSourcesBuildPhase;
			buildActionMask = 2147483647;
			files = (
				0FBC1CC91CAC079000C1EA1B /* MySimonUITests.swift in Sources */,
			);
			runOnlyForDeploymentPostprocessing = 0;
		};
/* End PBXSourcesBuildPhase section */

/* Begin PBXTargetDependency section */
		0FBC1CBB1CAC079000C1EA1B /* PBXTargetDependency */ = {
			isa = PBXTargetDependency;
			target = 0FBC1CA41CAC078F00C1EA1B /* MySimon */;
			targetProxy = 0FBC1CBA1CAC079000C1EA1B /* PBXContainerItemProxy */;
		};
		0FBC1CC61CAC079000C1EA1B /* PBXTargetDependency */ = {
			isa = PBXTargetDependency;
			target = 0FBC1CA41CAC078F00C1EA1B /* MySimon */;
			targetProxy = 0FBC1CC51CAC079000C1EA1B /* PBXContainerItemProxy */;
		};
/* End PBXTargetDependency section */

/* Begin PBXVariantGroup section */
		0FBC1CB11CAC078F00C1EA1B /* LaunchScreen.storyboard */ = {
			isa = PBXVariantGroup;
			children = (
				0FBC1CB21CAC078F00C1EA1B /* Base */,
			);
			name = LaunchScreen.storyboard;
			sourceTree = "<group>";
		};
/* End PBXVariantGroup section */

/* Begin XCBuildConfiguration section */
		0FBC1CCB1CAC079000C1EA1B /* Debug */ = {
			isa = XCBuildConfiguration;
			buildSettings = {
				ALWAYS_SEARCH_USER_PATHS = NO;
				CLANG_CXX_LANGUAGE_STANDARD = "gnu++0x";
				CLANG_CXX_LIBRARY = "libc++";
				CLANG_ENABLE_MODULES = YES;
				CLANG_ENABLE_OBJC_ARC = YES;
				CLANG_WARN_BLOCK_CAPTURE_AUTORELEASING = YES;
				CLANG_WARN_BOOL_CONVERSION = YES;
				CLANG_WARN_COMMA = YES;
				CLANG_WARN_CONSTANT_CONVERSION = YES;
				CLANG_WARN_DIRECT_OBJC_ISA_USAGE = YES_ERROR;
				CLANG_WARN_EMPTY_BODY = YES;
				CLANG_WARN_ENUM_CONVERSION = YES;
				CLANG_WARN_INFINITE_RECURSION = YES;
				CLANG_WARN_INT_CONVERSION = YES;
				CLANG_WARN_NON_LITERAL_NULL_CONVERSION = YES;
				CLANG_WARN_OBJC_LITERAL_CONVERSION = YES;
				CLANG_WARN_OBJC_ROOT_CLASS = YES_ERROR;
				CLANG_WARN_RANGE_LOOP_ANALYSIS = YES;
				CLANG_WARN_STRICT_PROTOTYPES = YES;
				CLANG_WARN_SUSPICIOUS_MOVE = YES;
				CLANG_WARN_UNREACHABLE_CODE = YES;
				CLANG_WARN__DUPLICATE_METHOD_MATCH = YES;
				"CODE_SIGN_IDENTITY[sdk=iphoneos*]" = "iPhone Developer";
				COPY_PHASE_STRIP = NO;
				DEBUG_INFORMATION_FORMAT = dwarf;
				ENABLE_STRICT_OBJC_MSGSEND = YES;
				ENABLE_TESTABILITY = YES;
				GCC_C_LANGUAGE_STANDARD = gnu99;
				GCC_DYNAMIC_NO_PIC = NO;
				GCC_NO_COMMON_BLOCKS = YES;
				GCC_OPTIMIZATION_LEVEL = 0;
				GCC_PREPROCESSOR_DEFINITIONS = (
					"DEBUG=1",
					"$(inherited)",
				);
				GCC_WARN_64_TO_32_BIT_CONVERSION = YES;
				GCC_WARN_ABOUT_RETURN_TYPE = YES_ERROR;
				GCC_WARN_UNDECLARED_SELECTOR = YES;
				GCC_WARN_UNINITIALIZED_AUTOS = YES_AGGRESSIVE;
				GCC_WARN_UNUSED_FUNCTION = YES;
				GCC_WARN_UNUSED_VARIABLE = YES;
				"HEADER_SEARCH_PATHS[arch=*]" = "";
				IPHONEOS_DEPLOYMENT_TARGET = 10.0;
				MTL_ENABLE_DEBUG_INFO = YES;
				ONLY_ACTIVE_ARCH = YES;
				SDKROOT = iphoneos;
				SWIFT_OPTIMIZATION_LEVEL = "-Onone";
				SWIFT_VERSION = 4.0;
				TARGETED_DEVICE_FAMILY = "1,2";
			};
			name = Debug;
		};
		0FBC1CCC1CAC079000C1EA1B /* Release */ = {
			isa = XCBuildConfiguration;
			buildSettings = {
				ALWAYS_SEARCH_USER_PATHS = NO;
				CLANG_CXX_LANGUAGE_STANDARD = "gnu++0x";
				CLANG_CXX_LIBRARY = "libc++";
				CLANG_ENABLE_MODULES = YES;
				CLANG_ENABLE_OBJC_ARC = YES;
				CLANG_WARN_BLOCK_CAPTURE_AUTORELEASING = YES;
				CLANG_WARN_BOOL_CONVERSION = YES;
				CLANG_WARN_COMMA = YES;
				CLANG_WARN_CONSTANT_CONVERSION = YES;
				CLANG_WARN_DIRECT_OBJC_ISA_USAGE = YES_ERROR;
				CLANG_WARN_EMPTY_BODY = YES;
				CLANG_WARN_ENUM_CONVERSION = YES;
				CLANG_WARN_INFINITE_RECURSION = YES;
				CLANG_WARN_INT_CONVERSION = YES;
				CLANG_WARN_NON_LITERAL_NULL_CONVERSION = YES;
				CLANG_WARN_OBJC_LITERAL_CONVERSION = YES;
				CLANG_WARN_OBJC_ROOT_CLASS = YES_ERROR;
				CLANG_WARN_RANGE_LOOP_ANALYSIS = YES;
				CLANG_WARN_STRICT_PROTOTYPES = YES;
				CLANG_WARN_SUSPICIOUS_MOVE = YES;
				CLANG_WARN_UNREACHABLE_CODE = YES;
				CLANG_WARN__DUPLICATE_METHOD_MATCH = YES;
				"CODE_SIGN_IDENTITY[sdk=iphoneos*]" = "iPhone Developer";
				COPY_PHASE_STRIP = NO;
				DEBUG_INFORMATION_FORMAT = "dwarf-with-dsym";
				ENABLE_NS_ASSERTIONS = NO;
				ENABLE_STRICT_OBJC_MSGSEND = YES;
				GCC_C_LANGUAGE_STANDARD = gnu99;
				GCC_NO_COMMON_BLOCKS = YES;
				GCC_WARN_64_TO_32_BIT_CONVERSION = YES;
				GCC_WARN_ABOUT_RETURN_TYPE = YES_ERROR;
				GCC_WARN_UNDECLARED_SELECTOR = YES;
				GCC_WARN_UNINITIALIZED_AUTOS = YES_AGGRESSIVE;
				GCC_WARN_UNUSED_FUNCTION = YES;
				GCC_WARN_UNUSED_VARIABLE = YES;
				IPHONEOS_DEPLOYMENT_TARGET = 10.0;
				MTL_ENABLE_DEBUG_INFO = NO;
				SDKROOT = iphoneos;
				SWIFT_OPTIMIZATION_LEVEL = "-Owholemodule";
				SWIFT_VERSION = 4.0;
				TARGETED_DEVICE_FAMILY = "1,2";
				VALIDATE_PRODUCT = YES;
			};
			name = Release;
		};
		0FBC1CCE1CAC079000C1EA1B /* Debug */ = {
			isa = XCBuildConfiguration;
			baseConfigurationReference = F2DBA446FE46F289D03D8131 /* Pods-MySimon.debug.xcconfig */;
			buildSettings = {
				ASSETCATALOG_COMPILER_APPICON_NAME = AppIcon;
				CODE_SIGN_IDENTITY = "iPhone Developer";
				"CODE_SIGN_IDENTITY[sdk=iphoneos*]" = "iPhone Developer";
				CODE_SIGN_STYLE = Automatic;
				DEVELOPMENT_TEAM = 2RY89Q7RCD;
				INFOPLIST_FILE = MySimon/Info.plist;
				IPHONEOS_DEPLOYMENT_TARGET = 10.0;
				LD_RUNPATH_SEARCH_PATHS = "$(inherited) @executable_path/Frameworks";
				PRODUCT_BUNDLE_IDENTIFIER = com.WeberSoftwareSolutions.MySimon;
				PRODUCT_NAME = "$(TARGET_NAME)";
				PROVISIONING_PROFILE = "";
				PROVISIONING_PROFILE_SPECIFIER = "";
				SWIFT_SWIFT3_OBJC_INFERENCE = Default;
				SWIFT_VERSION = 4.0;
			};
			name = Debug;
		};
		0FBC1CCF1CAC079000C1EA1B /* Release */ = {
			isa = XCBuildConfiguration;
			baseConfigurationReference = 8E22D55E51BCD8705B58C561 /* Pods-MySimon.release.xcconfig */;
			buildSettings = {
				ASSETCATALOG_COMPILER_APPICON_NAME = AppIcon;
				CODE_SIGN_IDENTITY = "iPhone Distribution: Janet Weber (2RY89Q7RCD)";
				"CODE_SIGN_IDENTITY[sdk=iphoneos*]" = "iPhone Developer";
				CODE_SIGN_STYLE = Automatic;
				DEVELOPMENT_TEAM = 2RY89Q7RCD;
				INFOPLIST_FILE = MySimon/Info.plist;
				IPHONEOS_DEPLOYMENT_TARGET = 10.0;
				LD_RUNPATH_SEARCH_PATHS = "$(inherited) @executable_path/Frameworks";
				PRODUCT_BUNDLE_IDENTIFIER = com.WeberSoftwareSolutions.MySimon;
				PRODUCT_NAME = "$(TARGET_NAME)";
				PROVISIONING_PROFILE = "";
				PROVISIONING_PROFILE_SPECIFIER = "";
				SWIFT_SWIFT3_OBJC_INFERENCE = Default;
				SWIFT_VERSION = 4.0;
			};
			name = Release;
		};
		0FBC1CD11CAC079000C1EA1B /* Debug */ = {
			isa = XCBuildConfiguration;
			buildSettings = {
				BUNDLE_LOADER = "$(TEST_HOST)";
				INFOPLIST_FILE = MySimonTests/Info.plist;
				LD_RUNPATH_SEARCH_PATHS = "$(inherited) @executable_path/Frameworks @loader_path/Frameworks";
				PRODUCT_BUNDLE_IDENTIFIER = com.WeberSolutions.MySimonTests;
				PRODUCT_NAME = "$(TARGET_NAME)";
				SWIFT_SWIFT3_OBJC_INFERENCE = Default;
				SWIFT_VERSION = 4.0;
				TEST_HOST = "$(BUILT_PRODUCTS_DIR)/MySimon.app/MySimon";
			};
			name = Debug;
		};
		0FBC1CD21CAC079000C1EA1B /* Release */ = {
			isa = XCBuildConfiguration;
			buildSettings = {
				BUNDLE_LOADER = "$(TEST_HOST)";
				INFOPLIST_FILE = MySimonTests/Info.plist;
				LD_RUNPATH_SEARCH_PATHS = "$(inherited) @executable_path/Frameworks @loader_path/Frameworks";
				PRODUCT_BUNDLE_IDENTIFIER = com.WeberSolutions.MySimonTests;
				PRODUCT_NAME = "$(TARGET_NAME)";
				SWIFT_SWIFT3_OBJC_INFERENCE = Default;
				SWIFT_VERSION = 4.0;
				TEST_HOST = "$(BUILT_PRODUCTS_DIR)/MySimon.app/MySimon";
			};
			name = Release;
		};
		0FBC1CD41CAC079000C1EA1B /* Debug */ = {
			isa = XCBuildConfiguration;
			buildSettings = {
				INFOPLIST_FILE = MySimonUITests/Info.plist;
				LD_RUNPATH_SEARCH_PATHS = "$(inherited) @executable_path/Frameworks @loader_path/Frameworks";
				PRODUCT_BUNDLE_IDENTIFIER = com.WeberSolutions.MySimonUITests;
				PRODUCT_NAME = "$(TARGET_NAME)";
				SWIFT_SWIFT3_OBJC_INFERENCE = Default;
				SWIFT_VERSION = 4.0;
				TEST_TARGET_NAME = MySimon;
				USES_XCTRUNNER = YES;
			};
			name = Debug;
		};
		0FBC1CD51CAC079000C1EA1B /* Release */ = {
			isa = XCBuildConfiguration;
			buildSettings = {
				INFOPLIST_FILE = MySimonUITests/Info.plist;
				LD_RUNPATH_SEARCH_PATHS = "$(inherited) @executable_path/Frameworks @loader_path/Frameworks";
				PRODUCT_BUNDLE_IDENTIFIER = com.WeberSolutions.MySimonUITests;
				PRODUCT_NAME = "$(TARGET_NAME)";
				SWIFT_SWIFT3_OBJC_INFERENCE = Default;
				SWIFT_VERSION = 4.0;
				TEST_TARGET_NAME = MySimon;
				USES_XCTRUNNER = YES;
			};
			name = Release;
		};
/* End XCBuildConfiguration section */

/* Begin XCConfigurationList section */
		0FBC1CA01CAC078F00C1EA1B /* Build configuration list for PBXProject "MySimon" */ = {
			isa = XCConfigurationList;
			buildConfigurations = (
				0FBC1CCB1CAC079000C1EA1B /* Debug */,
				0FBC1CCC1CAC079000C1EA1B /* Release */,
			);
			defaultConfigurationIsVisible = 0;
			defaultConfigurationName = Release;
		};
		0FBC1CCD1CAC079000C1EA1B /* Build configuration list for PBXNativeTarget "MySimon" */ = {
			isa = XCConfigurationList;
			buildConfigurations = (
				0FBC1CCE1CAC079000C1EA1B /* Debug */,
				0FBC1CCF1CAC079000C1EA1B /* Release */,
			);
			defaultConfigurationIsVisible = 0;
			defaultConfigurationName = Release;
		};
		0FBC1CD01CAC079000C1EA1B /* Build configuration list for PBXNativeTarget "MySimonTests" */ = {
			isa = XCConfigurationList;
			buildConfigurations = (
				0FBC1CD11CAC079000C1EA1B /* Debug */,
				0FBC1CD21CAC079000C1EA1B /* Release */,
			);
			defaultConfigurationIsVisible = 0;
			defaultConfigurationName = Release;
		};
		0FBC1CD31CAC079000C1EA1B /* Build configuration list for PBXNativeTarget "MySimonUITests" */ = {
			isa = XCConfigurationList;
			buildConfigurations = (
				0FBC1CD41CAC079000C1EA1B /* Debug */,
				0FBC1CD51CAC079000C1EA1B /* Release */,
			);
			defaultConfigurationIsVisible = 0;
			defaultConfigurationName = Release;
		};
/* End XCConfigurationList section */
	};
	rootObject = 0FBC1C9D1CAC078F00C1EA1B /* Project object */;
}
